
Microsoft Visual Studio Solution File, Format Version 12.00
# Visual Studio 15
VisualStudioVersion = 15.0.28307.136
MinimumVisualStudioVersion = 10.0.40219.1
Project("{FAE04EC0-301F-11D3-BF4B-00C04F79EFBC}") = "Minesweeper", "Minesweeper\Minesweeper.csproj", "{BB468A10-F979-45B5-9391-D846B4758150}"
EndProject
Global
	GlobalSection(SolutionConfigurationPlatforms) = preSolution
		Debug|Any CPU = Debug|Any CPU
		Release|Any CPU = Release|Any CPU
	EndGlobalSection
	GlobalSection(ProjectConfigurationPlatforms) = postSolution
		{BB468A10-F979-45B5-9391-D846B4758150}.Debug|Any CPU.ActiveCfg = Debug|Any CPU
		{BB468A10-F979-45B5-9391-D846B4758150}.Debug|Any CPU.Build.0 = Debug|Any CPU
		{BB468A10-F979-45B5-9391-D846B4758150}.Release|Any CPU.ActiveCfg = Release|Any CPU
		{BB468A10-F979-45B5-9391-D846B4758150}.Release|Any CPU.Build.0 = Release|Any CPU
	EndGlobalSection
	GlobalSection(SolutionProperties) = preSolution
		HideSolutionNode = FALSE
	EndGlobalSection
	GlobalSection(ExtensibilityGlobals) = postSolution
		SolutionGuid = {27610CC7-ADB8-4DCA-9313-D16AEB745B28}
	EndGlobalSection
EndGlobal
